
Microsoft Visual Studio Solution File, Format Version 12.00
# Visual Studio Version 17
VisualStudioVersion = 17.6.33829.357
MinimumVisualStudioVersion = 10.0.40219.1
Project("{FAE04EC0-301F-11D3-BF4B-00C04F79EFBC}") = "ExtensionMethodApp", "ExtensionMethodApp.csproj", "{005136D3-C8EB-4524-A6DB-506692725A3C}"
EndProject
Global
	GlobalSection(SolutionConfigurationPlatforms) = preSolution
		Debug|Any CPU = Debug|Any CPU
		Release|Any CPU = Release|Any CPU
	EndGlobalSection
	GlobalSection(ProjectConfigurationPlatforms) = postSolution
		{005136D3-C8EB-4524-A6DB-506692725A3C}.Debug|Any CPU.ActiveCfg = Debug|Any CPU
		{005136D3-C8EB-4524-A6DB-506692725A3C}.Debug|Any CPU.Build.0 = Debug|Any CPU
		{005136D3-C8EB-4524-A6DB-506692725A3C}.Release|Any CPU.ActiveCfg = Release|Any CPU
		{005136D3-C8EB-4524-A6DB-506692725A3C}.Release|Any CPU.Build.0 = Release|Any CPU
	EndGlobalSection
	GlobalSection(SolutionProperties) = preSolution
		HideSolutionNode = FALSE
	EndGlobalSection
	GlobalSection(ExtensibilityGlobals) = postSolution
		SolutionGuid = {396690A0-5583-4F2B-9987-3B2B532E3021}
	EndGlobalSection
EndGlobal
